// !$*UTF8*$!
{
	archiveVersion = 1;
	classes = {
	};
	objectVersion = 48;
	objects = {

/* Begin PBXBuildFile section */
		3F12D067209B8E7F008DF849 /* Server.swift in Sources */ = {isa = PBXBuildFile; fileRef = 3F12D066209B8E7F008DF849 /* Server.swift */; };
		3F12D071209BA477008DF849 /* Server+getBasicInfo.swift in Sources */ = {isa = PBXBuildFile; fileRef = 3F12D070209BA477008DF849 /* Server+getBasicInfo.swift */; };
		3F2D5EC1206969FE0074EB2D /* ORKMedicalConditionTask.swift in Sources */ = {isa = PBXBuildFile; fileRef = 3F2D5EC0206969FE0074EB2D /* ORKMedicalConditionTask.swift */; };
		3F4649B7209B603E00F640FD /* BasicInfoKeys.swift in Sources */ = {isa = PBXBuildFile; fileRef = 3F4649B6209B603E00F640FD /* BasicInfoKeys.swift */; };
		3F5161E820596601003C7E19 /* ORKAllergyTask.swift in Sources */ = {isa = PBXBuildFile; fileRef = 3F5161E720596601003C7E19 /* ORKAllergyTask.swift */; };
		3F538043203F2A750045A492 /* Patient.swift in Sources */ = {isa = PBXBuildFile; fileRef = 3F538042203F2A750045A492 /* Patient.swift */; };
		3F538047203F2EF10045A492 /* TextFieldEditViewController.swift in Sources */ = {isa = PBXBuildFile; fileRef = 3F538046203F2EF10045A492 /* TextFieldEditViewController.swift */; };
		3F53804A203F467D0045A492 /* GenderPickerViewController.swift in Sources */ = {isa = PBXBuildFile; fileRef = 3F538049203F467D0045A492 /* GenderPickerViewController.swift */; };
		3F54C1A9206AD078002316FE /* ORKFamilyHistoryTask.swift in Sources */ = {isa = PBXBuildFile; fileRef = 3F54C1A8206AD078002316FE /* ORKFamilyHistoryTask.swift */; };
		3F55632E2062A2550010566C /* GynecologicTask.swift in Sources */ = {isa = PBXBuildFile; fileRef = 3F55632D2062A2550010566C /* GynecologicTask.swift */; };
		3F55935A207D1A9700A8C9DE /* PersonalTaskResultProcessor.swift in Sources */ = {isa = PBXBuildFile; fileRef = 3F559359207D1A9700A8C9DE /* PersonalTaskResultProcessor.swift */; };
		3F55935E207D1BDD00A8C9DE /* PersonalInfo.swift in Sources */ = {isa = PBXBuildFile; fileRef = 3F55935D207D1BDD00A8C9DE /* PersonalInfo.swift */; };
		3F55CD7D2045AA7200668C7A /* TobaccoTask.swift in Sources */ = {isa = PBXBuildFile; fileRef = 3F55CD7C2045AA7200668C7A /* TobaccoTask.swift */; };
		3F55CD7F2045B33100668C7A /* AlcoholTask.swift in Sources */ = {isa = PBXBuildFile; fileRef = 3F55CD7E2045B33100668C7A /* AlcoholTask.swift */; };
		3F55CD812045B45600668C7A /* PersonalTask.swift in Sources */ = {isa = PBXBuildFile; fileRef = 3F55CD802045B45600668C7A /* PersonalTask.swift */; };
		3F568F0320658AC9002255A6 /* ORKGynecologyTask.swift in Sources */ = {isa = PBXBuildFile; fileRef = 3F568F0220658AC9002255A6 /* ORKGynecologyTask.swift */; };
		3F568F06206595B2002255A6 /* ORKSurgicalTask.swift in Sources */ = {isa = PBXBuildFile; fileRef = 3F568F05206595B2002255A6 /* ORKSurgicalTask.swift */; };
		3F575CB7207668F4005F8D48 /* TaskResultProcessor.swift in Sources */ = {isa = PBXBuildFile; fileRef = 3F575CB6207668F4005F8D48 /* TaskResultProcessor.swift */; };
		3F575CB920766E39005F8D48 /* TobaccoTaskResultProcessor.swift in Sources */ = {isa = PBXBuildFile; fileRef = 3F575CB820766E39005F8D48 /* TobaccoTaskResultProcessor.swift */; };
		3F5795C2207FA24B00A2C3E7 /* AllergyInfo.swift in Sources */ = {isa = PBXBuildFile; fileRef = 3F5795C1207FA24B00A2C3E7 /* AllergyInfo.swift */; };
		3F5795C6207FA8A500A2C3E7 /* AllergyTaskResultProcessor.swift in Sources */ = {isa = PBXBuildFile; fileRef = 3F5795C5207FA8A500A2C3E7 /* AllergyTaskResultProcessor.swift */; };
		3F5795C8207FE57600A2C3E7 /* MedicationInfo.swift in Sources */ = {isa = PBXBuildFile; fileRef = 3F5795C7207FE57600A2C3E7 /* MedicationInfo.swift */; };
		3F5795CA207FED3600A2C3E7 /* MedicationTaskResultProcessor.swift in Sources */ = {isa = PBXBuildFile; fileRef = 3F5795C9207FED3600A2C3E7 /* MedicationTaskResultProcessor.swift */; };
		3F58EA8E205AB526002A83D0 /* MedicationTask.swift in Sources */ = {isa = PBXBuildFile; fileRef = 3F58EA8D205AB526002A83D0 /* MedicationTask.swift */; };
		3F58EA9D205B094C002A83D0 /* AllergyTask.swift in Sources */ = {isa = PBXBuildFile; fileRef = 3F58EA9C205B094C002A83D0 /* AllergyTask.swift */; };
		3F5931CA208799CC007A3829 /* SurgicalInfo.swift in Sources */ = {isa = PBXBuildFile; fileRef = 3F5931C9208799CC007A3829 /* SurgicalInfo.swift */; };
		3F5931CE20879FA4007A3829 /* SurgicalTaskResultProcessor.swift in Sources */ = {isa = PBXBuildFile; fileRef = 3F5931CD20879FA4007A3829 /* SurgicalTaskResultProcessor.swift */; };
		3F5931D12087B4E8007A3829 /* GynecologicTaskResultProcessor.swift in Sources */ = {isa = PBXBuildFile; fileRef = 3F5931D02087B4E8007A3829 /* GynecologicTaskResultProcessor.swift */; };
		3F5BC04D20615CB5007FBE0A /* MedicalConditionTask.swift in Sources */ = {isa = PBXBuildFile; fileRef = 3F5BC04C20615CB5007FBE0A /* MedicalConditionTask.swift */; };
		3F5BC04F206195CC007FBE0A /* SurgicalTask.swift in Sources */ = {isa = PBXBuildFile; fileRef = 3F5BC04E206195CC007FBE0A /* SurgicalTask.swift */; };
		3F5CF5BE2086378300478678 /* MedicalConditionInfo.swift in Sources */ = {isa = PBXBuildFile; fileRef = 3F5CF5BD2086378300478678 /* MedicalConditionInfo.swift */; };
		3F5CF5C220864CCD00478678 /* MedicalConditionTaskResultProcessor.swift in Sources */ = {isa = PBXBuildFile; fileRef = 3F5CF5C120864CCD00478678 /* MedicalConditionTaskResultProcessor.swift */; };
		3F620E4D203754F000655AA4 /* AppDelegate.swift in Sources */ = {isa = PBXBuildFile; fileRef = 3F620E4C203754F000655AA4 /* AppDelegate.swift */; };
		3F620E52203754F000655AA4 /* Main.storyboard in Resources */ = {isa = PBXBuildFile; fileRef = 3F620E50203754F000655AA4 /* Main.storyboard */; };
		3F620E55203754F000655AA4 /* TestMedKit.xcdatamodeld in Sources */ = {isa = PBXBuildFile; fileRef = 3F620E53203754F000655AA4 /* TestMedKit.xcdatamodeld */; };
		3F620E57203754F000655AA4 /* Assets.xcassets in Resources */ = {isa = PBXBuildFile; fileRef = 3F620E56203754F000655AA4 /* Assets.xcassets */; };
		3F620E5A203754F000655AA4 /* LaunchScreen.storyboard in Resources */ = {isa = PBXBuildFile; fileRef = 3F620E58203754F000655AA4 /* LaunchScreen.storyboard */; };
		3F627076207E5755004E35AF /* FamilyInfo.swift in Sources */ = {isa = PBXBuildFile; fileRef = 3F627075207E5755004E35AF /* FamilyInfo.swift */; };
		3F627078207E5CB4004E35AF /* FamilyHistoryTaskResultProcessor.swift in Sources */ = {isa = PBXBuildFile; fileRef = 3F627077207E5CB4004E35AF /* FamilyHistoryTaskResultProcessor.swift */; };
		3F719ECB207BC1D40070A986 /* AlcoholTaskResultProcessor.swift in Sources */ = {isa = PBXBuildFile; fileRef = 3F719ECA207BC1D40070A986 /* AlcoholTaskResultProcessor.swift */; };
		3F719ED0207BC4430070A986 /* AlcoholInfo.swift in Sources */ = {isa = PBXBuildFile; fileRef = 3F719ECF207BC4430070A986 /* AlcoholInfo.swift */; };
		3F719ED2207BCCDE0070A986 /* TaskInfo.swift in Sources */ = {isa = PBXBuildFile; fileRef = 3F719ED1207BCCDE0070A986 /* TaskInfo.swift */; };
		3F73F6D82073FC1900E75498 /* TobaccoInfo.swift in Sources */ = {isa = PBXBuildFile; fileRef = 3F73F6D72073FC1900E75498 /* TobaccoInfo.swift */; };
		3F73F6DC20740A6300E75498 /* ORKTobaccoTask.swift in Sources */ = {isa = PBXBuildFile; fileRef = 3F73F6DB20740A6300E75498 /* ORKTobaccoTask.swift */; };
		3F789BB4209A0E1800B1B28E /* ResearchKit.framework in Frameworks */ = {isa = PBXBuildFile; fileRef = 3F789BB0209A0E0E00B1B28E /* ResearchKit.framework */; };
		3F789BB5209A0E1800B1B28E /* ResearchKit.framework in Embed Frameworks */ = {isa = PBXBuildFile; fileRef = 3F789BB0209A0E0E00B1B28E /* ResearchKit.framework */; settings = {ATTRIBUTES = (CodeSignOnCopy, RemoveHeadersOnCopy, ); }; };
		3F7A1E1F2056CA5200310D51 /* FamilyHistoryTask.swift in Sources */ = {isa = PBXBuildFile; fileRef = 3F7A1E1E2056CA5200310D51 /* FamilyHistoryTask.swift */; };
		3F8E73112044A67800D25081 /* Task.swift in Sources */ = {isa = PBXBuildFile; fileRef = 3F8E73102044A67800D25081 /* Task.swift */; };
		3F95CE18203DF9EC0096A896 /* DetaiProfilelTableViewController.swift in Sources */ = {isa = PBXBuildFile; fileRef = 3F95CE17203DF9EC0096A896 /* DetaiProfilelTableViewController.swift */; };
		3F95CE1B203E0ADB0096A896 /* BirthdayPickerViewController.swift in Sources */ = {isa = PBXBuildFile; fileRef = 3F95CE1A203E0ADB0096A896 /* BirthdayPickerViewController.swift */; };
		3F985AE1209CAC6C007C290C /* TextFieldEditViewController+updateFirstName.swift in Sources */ = {isa = PBXBuildFile; fileRef = 3F985AE0209CAC6C007C290C /* TextFieldEditViewController+updateFirstName.swift */; };
		3F985AE3209CAECE007C290C /* Server+updateField.swift in Sources */ = {isa = PBXBuildFile; fileRef = 3F985AE2209CAECE007C290C /* Server+updateField.swift */; };
		3F985AE5209CBA3A007C290C /* UpdateField.swift in Sources */ = {isa = PBXBuildFile; fileRef = 3F985AE4209CBA3A007C290C /* UpdateField.swift */; };
		3F9CC1A120976B1D00B5883D /* NavigationViewController.swift in Sources */ = {isa = PBXBuildFile; fileRef = 3F9CC1A020976B1D00B5883D /* NavigationViewController.swift */; };
		3F9CC1A5209775F400B5883D /* BasicInfoEditViewController.swift in Sources */ = {isa = PBXBuildFile; fileRef = 3F9CC1A4209775F400B5883D /* BasicInfoEditViewController.swift */; };
		3F9D09FB2073C46F004E19C8 /* BasicInfo.swift in Sources */ = {isa = PBXBuildFile; fileRef = 3F9D09FA2073C46F004E19C8 /* BasicInfo.swift */; };
		3FC0F73B2088F2240007FEBD /* GynecologyInfo.swift in Sources */ = {isa = PBXBuildFile; fileRef = 3FC0F73A2088F2240007FEBD /* GynecologyInfo.swift */; };
		3FDFF8E1203CBC64008ED2A2 /* MyProfileTableViewController.swift in Sources */ = {isa = PBXBuildFile; fileRef = 3FDFF8E0203CBC64008ED2A2 /* MyProfileTableViewController.swift */; };
		3FF9CFFC20936FDB000370FA /* LoginViewController.swift in Sources */ = {isa = PBXBuildFile; fileRef = 3FF9CFFB20936FDB000370FA /* LoginViewController.swift */; };
		3FF9CFFE20938762000370FA /* TabBarController.swift in Sources */ = {isa = PBXBuildFile; fileRef = 3FF9CFFD20938762000370FA /* TabBarController.swift */; };
		56C1B69B20996F6F004F54F1 /* WelcomeViewController.swift in Sources */ = {isa = PBXBuildFile; fileRef = 56C1B69A20996F6F004F54F1 /* WelcomeViewController.swift */; };
/* End PBXBuildFile section */

/* Begin PBXContainerItemProxy section */
		3F789B9A2099F62F00B1B28E /* PBXContainerItemProxy */ = {
			isa = PBXContainerItemProxy;
			containerPortal = 3F789B942099F62F00B1B28E /* ResearchKit.xcodeproj */;
			proxyType = 2;
			remoteGlobalIDString = B183A5951A8535D100C76870;
			remoteInfo = ResearchKit;
		};
		3F789B9C2099F62F00B1B28E /* PBXContainerItemProxy */ = {
			isa = PBXContainerItemProxy;
			containerPortal = 3F789B942099F62F00B1B28E /* ResearchKit.xcodeproj */;
			proxyType = 2;
			remoteGlobalIDString = 86CC8E9A1AC09332001CCD89;
			remoteInfo = ResearchKitTests;
		};
		3F789BAF209A0E0E00B1B28E /* PBXContainerItemProxy */ = {
			isa = PBXContainerItemProxy;
			containerPortal = 3F789BA9209A0E0D00B1B28E /* ResearchKit.xcodeproj */;
			proxyType = 2;
			remoteGlobalIDString = B183A5951A8535D100C76870;
			remoteInfo = ResearchKit;
		};
		3F789BB1209A0E0E00B1B28E /* PBXContainerItemProxy */ = {
			isa = PBXContainerItemProxy;
			containerPortal = 3F789BA9209A0E0D00B1B28E /* ResearchKit.xcodeproj */;
			proxyType = 2;
			remoteGlobalIDString = 86CC8E9A1AC09332001CCD89;
			remoteInfo = ResearchKitTests;
		};
		3F789BB6209A0E1800B1B28E /* PBXContainerItemProxy */ = {
			isa = PBXContainerItemProxy;
			containerPortal = 3F789BA9209A0E0D00B1B28E /* ResearchKit.xcodeproj */;
			proxyType = 1;
			remoteGlobalIDString = B183A4731A8535D100C76870;
			remoteInfo = ResearchKit;
		};
/* End PBXContainerItemProxy section */

/* Begin PBXCopyFilesBuildPhase section */
		3F789BB8209A0E1800B1B28E /* Embed Frameworks */ = {
			isa = PBXCopyFilesBuildPhase;
			buildActionMask = 2147483647;
			dstPath = "";
			dstSubfolderSpec = 10;
			files = (
				3F789BB5209A0E1800B1B28E /* ResearchKit.framework in Embed Frameworks */,
			);
			name = "Embed Frameworks";
			runOnlyForDeploymentPostprocessing = 0;
		};
/* End PBXCopyFilesBuildPhase section */

/* Begin PBXFileReference section */
		3F12D066209B8E7F008DF849 /* Server.swift */ = {isa = PBXFileReference; lastKnownFileType = sourcecode.swift; path = Server.swift; sourceTree = "<group>"; };
		3F12D070209BA477008DF849 /* Server+getBasicInfo.swift */ = {isa = PBXFileReference; lastKnownFileType = sourcecode.swift; path = "Server+getBasicInfo.swift"; sourceTree = "<group>"; };
		3F2D5EC0206969FE0074EB2D /* ORKMedicalConditionTask.swift */ = {isa = PBXFileReference; lastKnownFileType = sourcecode.swift; path = ORKMedicalConditionTask.swift; sourceTree = "<group>"; };
		3F4649B6209B603E00F640FD /* BasicInfoKeys.swift */ = {isa = PBXFileReference; lastKnownFileType = sourcecode.swift; path = BasicInfoKeys.swift; sourceTree = "<group>"; };
		3F5161E720596601003C7E19 /* ORKAllergyTask.swift */ = {isa = PBXFileReference; lastKnownFileType = sourcecode.swift; path = ORKAllergyTask.swift; sourceTree = "<group>"; };
		3F538042203F2A750045A492 /* Patient.swift */ = {isa = PBXFileReference; fileEncoding = 4; lastKnownFileType = sourcecode.swift; name = Patient.swift; path = TestMedKit/Modal/PatientInfo/Patient.swift; sourceTree = SOURCE_ROOT; };
		3F538046203F2EF10045A492 /* TextFieldEditViewController.swift */ = {isa = PBXFileReference; fileEncoding = 4; lastKnownFileType = sourcecode.swift; path = TextFieldEditViewController.swift; sourceTree = "<group>"; };
		3F538049203F467D0045A492 /* GenderPickerViewController.swift */ = {isa = PBXFileReference; lastKnownFileType = sourcecode.swift; path = GenderPickerViewController.swift; sourceTree = "<group>"; };
		3F54C1A8206AD078002316FE /* ORKFamilyHistoryTask.swift */ = {isa = PBXFileReference; lastKnownFileType = sourcecode.swift; path = ORKFamilyHistoryTask.swift; sourceTree = "<group>"; };
		3F55632D2062A2550010566C /* GynecologicTask.swift */ = {isa = PBXFileReference; lastKnownFileType = sourcecode.swift; path = GynecologicTask.swift; sourceTree = "<group>"; };
		3F559359207D1A9700A8C9DE /* PersonalTaskResultProcessor.swift */ = {isa = PBXFileReference; lastKnownFileType = sourcecode.swift; path = PersonalTaskResultProcessor.swift; sourceTree = "<group>"; };
		3F55935D207D1BDD00A8C9DE /* PersonalInfo.swift */ = {isa = PBXFileReference; lastKnownFileType = sourcecode.swift; path = PersonalInfo.swift; sourceTree = "<group>"; };
		3F55CD7C2045AA7200668C7A /* TobaccoTask.swift */ = {isa = PBXFileReference; lastKnownFileType = sourcecode.swift; path = TobaccoTask.swift; sourceTree = "<group>"; };
		3F55CD7E2045B33100668C7A /* AlcoholTask.swift */ = {isa = PBXFileReference; lastKnownFileType = sourcecode.swift; path = AlcoholTask.swift; sourceTree = "<group>"; };
		3F55CD802045B45600668C7A /* PersonalTask.swift */ = {isa = PBXFileReference; lastKnownFileType = sourcecode.swift; path = PersonalTask.swift; sourceTree = "<group>"; };
		3F568F0220658AC9002255A6 /* ORKGynecologyTask.swift */ = {isa = PBXFileReference; lastKnownFileType = sourcecode.swift; path = ORKGynecologyTask.swift; sourceTree = "<group>"; };
		3F568F05206595B2002255A6 /* ORKSurgicalTask.swift */ = {isa = PBXFileReference; lastKnownFileType = sourcecode.swift; path = ORKSurgicalTask.swift; sourceTree = "<group>"; };
		3F575CB6207668F4005F8D48 /* TaskResultProcessor.swift */ = {isa = PBXFileReference; lastKnownFileType = sourcecode.swift; path = TaskResultProcessor.swift; sourceTree = "<group>"; };
		3F575CB820766E39005F8D48 /* TobaccoTaskResultProcessor.swift */ = {isa = PBXFileReference; lastKnownFileType = sourcecode.swift; path = TobaccoTaskResultProcessor.swift; sourceTree = "<group>"; };
		3F5795C1207FA24B00A2C3E7 /* AllergyInfo.swift */ = {isa = PBXFileReference; lastKnownFileType = sourcecode.swift; path = AllergyInfo.swift; sourceTree = "<group>"; };
		3F5795C5207FA8A500A2C3E7 /* AllergyTaskResultProcessor.swift */ = {isa = PBXFileReference; lastKnownFileType = sourcecode.swift; path = AllergyTaskResultProcessor.swift; sourceTree = "<group>"; };
		3F5795C7207FE57600A2C3E7 /* MedicationInfo.swift */ = {isa = PBXFileReference; lastKnownFileType = sourcecode.swift; path = MedicationInfo.swift; sourceTree = "<group>"; };
		3F5795C9207FED3600A2C3E7 /* MedicationTaskResultProcessor.swift */ = {isa = PBXFileReference; lastKnownFileType = sourcecode.swift; path = MedicationTaskResultProcessor.swift; sourceTree = "<group>"; };
		3F58EA8D205AB526002A83D0 /* MedicationTask.swift */ = {isa = PBXFileReference; lastKnownFileType = sourcecode.swift; path = MedicationTask.swift; sourceTree = "<group>"; };
		3F58EA9C205B094C002A83D0 /* AllergyTask.swift */ = {isa = PBXFileReference; lastKnownFileType = sourcecode.swift; path = AllergyTask.swift; sourceTree = "<group>"; };
		3F5931C9208799CC007A3829 /* SurgicalInfo.swift */ = {isa = PBXFileReference; lastKnownFileType = sourcecode.swift; path = SurgicalInfo.swift; sourceTree = "<group>"; };
		3F5931CD20879FA4007A3829 /* SurgicalTaskResultProcessor.swift */ = {isa = PBXFileReference; lastKnownFileType = sourcecode.swift; path = SurgicalTaskResultProcessor.swift; sourceTree = "<group>"; };
		3F5931D02087B4E8007A3829 /* GynecologicTaskResultProcessor.swift */ = {isa = PBXFileReference; lastKnownFileType = sourcecode.swift; path = GynecologicTaskResultProcessor.swift; sourceTree = "<group>"; };
		3F5BC04C20615CB5007FBE0A /* MedicalConditionTask.swift */ = {isa = PBXFileReference; lastKnownFileType = sourcecode.swift; path = MedicalConditionTask.swift; sourceTree = "<group>"; };
		3F5BC04E206195CC007FBE0A /* SurgicalTask.swift */ = {isa = PBXFileReference; lastKnownFileType = sourcecode.swift; path = SurgicalTask.swift; sourceTree = "<group>"; };
		3F5CF5BD2086378300478678 /* MedicalConditionInfo.swift */ = {isa = PBXFileReference; lastKnownFileType = sourcecode.swift; path = MedicalConditionInfo.swift; sourceTree = "<group>"; };
		3F5CF5C120864CCD00478678 /* MedicalConditionTaskResultProcessor.swift */ = {isa = PBXFileReference; lastKnownFileType = sourcecode.swift; path = MedicalConditionTaskResultProcessor.swift; sourceTree = "<group>"; };
		3F620E49203754F000655AA4 /* TestMedKit.app */ = {isa = PBXFileReference; explicitFileType = wrapper.application; includeInIndex = 0; path = TestMedKit.app; sourceTree = BUILT_PRODUCTS_DIR; };
		3F620E4C203754F000655AA4 /* AppDelegate.swift */ = {isa = PBXFileReference; lastKnownFileType = sourcecode.swift; path = AppDelegate.swift; sourceTree = "<group>"; };
		3F620E51203754F000655AA4 /* Base */ = {isa = PBXFileReference; lastKnownFileType = file.storyboard; name = Base; path = Base.lproj/Main.storyboard; sourceTree = "<group>"; };
		3F620E54203754F000655AA4 /* TestMedKit.xcdatamodel */ = {isa = PBXFileReference; lastKnownFileType = wrapper.xcdatamodel; path = TestMedKit.xcdatamodel; sourceTree = "<group>"; };
		3F620E56203754F000655AA4 /* Assets.xcassets */ = {isa = PBXFileReference; lastKnownFileType = folder.assetcatalog; path = Assets.xcassets; sourceTree = "<group>"; };
		3F620E59203754F000655AA4 /* Base */ = {isa = PBXFileReference; lastKnownFileType = file.storyboard; name = Base; path = Base.lproj/LaunchScreen.storyboard; sourceTree = "<group>"; };
		3F620E5B203754F000655AA4 /* Info.plist */ = {isa = PBXFileReference; lastKnownFileType = text.plist.xml; path = Info.plist; sourceTree = "<group>"; };
		3F627075207E5755004E35AF /* FamilyInfo.swift */ = {isa = PBXFileReference; lastKnownFileType = sourcecode.swift; path = FamilyInfo.swift; sourceTree = "<group>"; };
		3F627077207E5CB4004E35AF /* FamilyHistoryTaskResultProcessor.swift */ = {isa = PBXFileReference; lastKnownFileType = sourcecode.swift; path = FamilyHistoryTaskResultProcessor.swift; sourceTree = "<group>"; };
		3F719ECA207BC1D40070A986 /* AlcoholTaskResultProcessor.swift */ = {isa = PBXFileReference; lastKnownFileType = sourcecode.swift; path = AlcoholTaskResultProcessor.swift; sourceTree = "<group>"; };
		3F719ECF207BC4430070A986 /* AlcoholInfo.swift */ = {isa = PBXFileReference; lastKnownFileType = sourcecode.swift; path = AlcoholInfo.swift; sourceTree = "<group>"; };
		3F719ED1207BCCDE0070A986 /* TaskInfo.swift */ = {isa = PBXFileReference; lastKnownFileType = sourcecode.swift; path = TaskInfo.swift; sourceTree = "<group>"; };
		3F73F6D72073FC1900E75498 /* TobaccoInfo.swift */ = {isa = PBXFileReference; lastKnownFileType = sourcecode.swift; path = TobaccoInfo.swift; sourceTree = "<group>"; };
		3F73F6DB20740A6300E75498 /* ORKTobaccoTask.swift */ = {isa = PBXFileReference; lastKnownFileType = sourcecode.swift; path = ORKTobaccoTask.swift; sourceTree = "<group>"; };
		3F789B942099F62F00B1B28E /* ResearchKit.xcodeproj */ = {isa = PBXFileReference; lastKnownFileType = "wrapper.pb-project"; name = ResearchKit.xcodeproj; path = ../ResearchKit/ResearchKit.xcodeproj; sourceTree = "<group>"; };
		3F789BA6209A0DC900B1B28E /* TestMedKit.xcodeproj */ = {isa = PBXFileReference; lastKnownFileType = "wrapper.pb-project"; path = TestMedKit.xcodeproj; sourceTree = "<group>"; };
		3F789BA9209A0E0D00B1B28E /* ResearchKit.xcodeproj */ = {isa = PBXFileReference; lastKnownFileType = "wrapper.pb-project"; name = ResearchKit.xcodeproj; path = ResearchKit/ResearchKit.xcodeproj; sourceTree = "<group>"; };
		3F7A1E1E2056CA5200310D51 /* FamilyHistoryTask.swift */ = {isa = PBXFileReference; lastKnownFileType = sourcecode.swift; path = FamilyHistoryTask.swift; sourceTree = "<group>"; };
		3F8E73102044A67800D25081 /* Task.swift */ = {isa = PBXFileReference; lastKnownFileType = sourcecode.swift; path = Task.swift; sourceTree = "<group>"; };
		3F95CE17203DF9EC0096A896 /* DetaiProfilelTableViewController.swift */ = {isa = PBXFileReference; lastKnownFileType = sourcecode.swift; path = DetaiProfilelTableViewController.swift; sourceTree = "<group>"; };
		3F95CE1A203E0ADB0096A896 /* BirthdayPickerViewController.swift */ = {isa = PBXFileReference; lastKnownFileType = sourcecode.swift; path = BirthdayPickerViewController.swift; sourceTree = "<group>"; };
		3F985AE0209CAC6C007C290C /* TextFieldEditViewController+updateFirstName.swift */ = {isa = PBXFileReference; lastKnownFileType = sourcecode.swift; path = "TextFieldEditViewController+updateFirstName.swift"; sourceTree = "<group>"; };
		3F985AE2209CAECE007C290C /* Server+updateField.swift */ = {isa = PBXFileReference; lastKnownFileType = sourcecode.swift; path = "Server+updateField.swift"; sourceTree = "<group>"; };
		3F985AE4209CBA3A007C290C /* UpdateField.swift */ = {isa = PBXFileReference; lastKnownFileType = sourcecode.swift; path = UpdateField.swift; sourceTree = "<group>"; };
		3F9CC1A020976B1D00B5883D /* NavigationViewController.swift */ = {isa = PBXFileReference; lastKnownFileType = sourcecode.swift; path = NavigationViewController.swift; sourceTree = "<group>"; };
		3F9CC1A4209775F400B5883D /* BasicInfoEditViewController.swift */ = {isa = PBXFileReference; lastKnownFileType = sourcecode.swift; path = BasicInfoEditViewController.swift; sourceTree = "<group>"; };
		3F9D09FA2073C46F004E19C8 /* BasicInfo.swift */ = {isa = PBXFileReference; lastKnownFileType = sourcecode.swift; path = BasicInfo.swift; sourceTree = "<group>"; };
		3FC0F73A2088F2240007FEBD /* GynecologyInfo.swift */ = {isa = PBXFileReference; lastKnownFileType = sourcecode.swift; path = GynecologyInfo.swift; sourceTree = "<group>"; };
		3FDFF8E0203CBC64008ED2A2 /* MyProfileTableViewController.swift */ = {isa = PBXFileReference; lastKnownFileType = sourcecode.swift; path = MyProfileTableViewController.swift; sourceTree = "<group>"; };
		3FF9CFFB20936FDB000370FA /* LoginViewController.swift */ = {isa = PBXFileReference; lastKnownFileType = sourcecode.swift; path = LoginViewController.swift; sourceTree = "<group>"; };
		3FF9CFFD20938762000370FA /* TabBarController.swift */ = {isa = PBXFileReference; lastKnownFileType = sourcecode.swift; path = TabBarController.swift; sourceTree = "<group>"; };
		56C1B69A20996F6F004F54F1 /* WelcomeViewController.swift */ = {isa = PBXFileReference; lastKnownFileType = sourcecode.swift; path = WelcomeViewController.swift; sourceTree = "<group>"; };
/* End PBXFileReference section */

/* Begin PBXFrameworksBuildPhase section */
		3F620E46203754F000655AA4 /* Frameworks */ = {
			isa = PBXFrameworksBuildPhase;
			buildActionMask = 2147483647;
			files = (
				3F789BB4209A0E1800B1B28E /* ResearchKit.framework in Frameworks */,
			);
			runOnlyForDeploymentPostprocessing = 0;
		};
/* End PBXFrameworksBuildPhase section */

/* Begin PBXGroup section */
		3F12D06B209B8E8C008DF849 /* Server */ = {
			isa = PBXGroup;
			children = (
				3F12D066209B8E7F008DF849 /* Server.swift */,
				3F985AE4209CBA3A007C290C /* UpdateField.swift */,
				3F12D072209BA61C008DF849 /* Extensions */,
			);
			path = Server;
			sourceTree = "<group>";
		};
		3F12D072209BA61C008DF849 /* Extensions */ = {
			isa = PBXGroup;
			children = (
				3F12D070209BA477008DF849 /* Server+getBasicInfo.swift */,
				3F985AE2209CAECE007C290C /* Server+updateField.swift */,
			);
			path = Extensions;
			sourceTree = "<group>";
		};
		3F4649BB209B625A00F640FD /* keys */ = {
			isa = PBXGroup;
			children = (
				3F4649B6209B603E00F640FD /* BasicInfoKeys.swift */,
			);
			path = keys;
			sourceTree = "<group>";
		};
		3F49128C2040638700E21D9E /* StroyBoard */ = {
			isa = PBXGroup;
			children = (
				3F620E58203754F000655AA4 /* LaunchScreen.storyboard */,
				3F620E50203754F000655AA4 /* Main.storyboard */,
			);
			path = StroyBoard;
			sourceTree = "<group>";
		};
		3F538048203F461B0045A492 /* MainStoryBoard */ = {
			isa = PBXGroup;
			children = (
				3F985ADD209CAB3B007C290C /* BasicInfoEditViewControllers */,
				3FDFF8E0203CBC64008ED2A2 /* MyProfileTableViewController.swift */,
				3F95CE17203DF9EC0096A896 /* DetaiProfilelTableViewController.swift */,
				3FF9CFFB20936FDB000370FA /* LoginViewController.swift */,
				3FF9CFFD20938762000370FA /* TabBarController.swift */,
				3F9CC1A020976B1D00B5883D /* NavigationViewController.swift */,
				56C1B69A20996F6F004F54F1 /* WelcomeViewController.swift */,
			);
			path = MainStoryBoard;
			sourceTree = "<group>";
		};
		3F55CD792045AA3F00668C7A /* Task */ = {
			isa = PBXGroup;
			children = (
				3F8E73102044A67800D25081 /* Task.swift */,
				3F55CD7C2045AA7200668C7A /* TobaccoTask.swift */,
				3F55CD7E2045B33100668C7A /* AlcoholTask.swift */,
				3F55CD802045B45600668C7A /* PersonalTask.swift */,
				3F7A1E1E2056CA5200310D51 /* FamilyHistoryTask.swift */,
				3F58EA9C205B094C002A83D0 /* AllergyTask.swift */,
				3F58EA8D205AB526002A83D0 /* MedicationTask.swift */,
				3F5BC04C20615CB5007FBE0A /* MedicalConditionTask.swift */,
				3F5BC04E206195CC007FBE0A /* SurgicalTask.swift */,
				3F55632D2062A2550010566C /* GynecologicTask.swift */,
			);
			path = Task;
			sourceTree = "<group>";
		};
		3F575CB3207668C9005F8D48 /* ResultProcessor */ = {
			isa = PBXGroup;
			children = (
				3F575CB6207668F4005F8D48 /* TaskResultProcessor.swift */,
				3F575CB820766E39005F8D48 /* TobaccoTaskResultProcessor.swift */,
				3F719ECA207BC1D40070A986 /* AlcoholTaskResultProcessor.swift */,
				3F559359207D1A9700A8C9DE /* PersonalTaskResultProcessor.swift */,
				3F627077207E5CB4004E35AF /* FamilyHistoryTaskResultProcessor.swift */,
				3F5795C5207FA8A500A2C3E7 /* AllergyTaskResultProcessor.swift */,
				3F5795C9207FED3600A2C3E7 /* MedicationTaskResultProcessor.swift */,
				3F5CF5C120864CCD00478678 /* MedicalConditionTaskResultProcessor.swift */,
				3F5931CD20879FA4007A3829 /* SurgicalTaskResultProcessor.swift */,
				3F5931D02087B4E8007A3829 /* GynecologicTaskResultProcessor.swift */,
			);
			path = ResultProcessor;
			sourceTree = "<group>";
		};
		3F58EA9B205B08AA002A83D0 /* ORKTask */ = {
			isa = PBXGroup;
			children = (
				3F73F6DB20740A6300E75498 /* ORKTobaccoTask.swift */,
				3F54C1A8206AD078002316FE /* ORKFamilyHistoryTask.swift */,
				3F5161E720596601003C7E19 /* ORKAllergyTask.swift */,
				3F2D5EC0206969FE0074EB2D /* ORKMedicalConditionTask.swift */,
				3F568F05206595B2002255A6 /* ORKSurgicalTask.swift */,
				3F568F0220658AC9002255A6 /* ORKGynecologyTask.swift */,
			);
			path = ORKTask;
			sourceTree = "<group>";
		};
		3F620E40203754F000655AA4 = {
			isa = PBXGroup;
			children = (
				3F620E4B203754F000655AA4 /* TestMedKit */,
				3F620E4A203754F000655AA4 /* Products */,
				569BBB4A20993A29008A4A99 /* Frameworks */,
			);
			sourceTree = "<group>";
		};
		3F620E4A203754F000655AA4 /* Products */ = {
			isa = PBXGroup;
			children = (
				3F620E49203754F000655AA4 /* TestMedKit.app */,
			);
			name = Products;
			sourceTree = "<group>";
		};
		3F620E4B203754F000655AA4 /* TestMedKit */ = {
			isa = PBXGroup;
			children = (
				3F49128C2040638700E21D9E /* StroyBoard */,
				3F95CE1E203E158A0096A896 /* Modal */,
				3FDFF8DD203CBC1B008ED2A2 /* Controller */,
				3F620E56203754F000655AA4 /* Assets.xcassets */,
				3F620E5B203754F000655AA4 /* Info.plist */,
				3F620E4C203754F000655AA4 /* AppDelegate.swift */,
				3F620E53203754F000655AA4 /* TestMedKit.xcdatamodeld */,
			);
			path = TestMedKit;
			sourceTree = "<group>";
		};
		3F789B952099F62F00B1B28E /* Products */ = {
			isa = PBXGroup;
			children = (
				3F789B9B2099F62F00B1B28E /* ResearchKit.framework */,
				3F789B9D2099F62F00B1B28E /* ResearchKitTests.xctest */,
			);
			name = Products;
			sourceTree = "<group>";
		};
		3F789BA7209A0DC900B1B28E /* Products */ = {
			isa = PBXGroup;
			name = Products;
			sourceTree = "<group>";
		};
		3F789BAA209A0E0D00B1B28E /* Products */ = {
			isa = PBXGroup;
			children = (
				3F789BB0209A0E0E00B1B28E /* ResearchKit.framework */,
				3F789BB2209A0E0E00B1B28E /* ResearchKitTests.xctest */,
			);
			name = Products;
			sourceTree = "<group>";
		};
		3F95CE1E203E158A0096A896 /* Modal */ = {
			isa = PBXGroup;
			children = (
				3F12D06B209B8E8C008DF849 /* Server */,
				3F575CB3207668C9005F8D48 /* ResultProcessor */,
				3F9D09F72073C403004E19C8 /* PatientInfo */,
				3F58EA9B205B08AA002A83D0 /* ORKTask */,
				3F55CD792045AA3F00668C7A /* Task */,
			);
			path = Modal;
			sourceTree = "<group>";
		};
		3F985ADD209CAB3B007C290C /* BasicInfoEditViewControllers */ = {
			isa = PBXGroup;
			children = (
				3F985ADE209CABDF007C290C /* TextFieldEditVeiwController */,
				3F9CC1A4209775F400B5883D /* BasicInfoEditViewController.swift */,
				3F95CE1A203E0ADB0096A896 /* BirthdayPickerViewController.swift */,
				3F538049203F467D0045A492 /* GenderPickerViewController.swift */,
			);
			path = BasicInfoEditViewControllers;
			sourceTree = "<group>";
		};
		3F985ADE209CABDF007C290C /* TextFieldEditVeiwController */ = {
			isa = PBXGroup;
			children = (
				3F538046203F2EF10045A492 /* TextFieldEditViewController.swift */,
				3F985ADF209CAC02007C290C /* Extensions */,
			);
			path = TextFieldEditVeiwController;
			sourceTree = "<group>";
		};
		3F985ADF209CAC02007C290C /* Extensions */ = {
			isa = PBXGroup;
			children = (
				3F985AE0209CAC6C007C290C /* TextFieldEditViewController+updateFirstName.swift */,
			);
			path = Extensions;
			sourceTree = "<group>";
		};
		3F9D09F72073C403004E19C8 /* PatientInfo */ = {
			isa = PBXGroup;
			children = (
				3F4649BB209B625A00F640FD /* keys */,
				3F538042203F2A750045A492 /* Patient.swift */,
				3F719ED1207BCCDE0070A986 /* TaskInfo.swift */,
				3F9D09FA2073C46F004E19C8 /* BasicInfo.swift */,
				3F73F6D72073FC1900E75498 /* TobaccoInfo.swift */,
				3F719ECF207BC4430070A986 /* AlcoholInfo.swift */,
				3F55935D207D1BDD00A8C9DE /* PersonalInfo.swift */,
				3F627075207E5755004E35AF /* FamilyInfo.swift */,
				3F5795C1207FA24B00A2C3E7 /* AllergyInfo.swift */,
				3F5795C7207FE57600A2C3E7 /* MedicationInfo.swift */,
				3F5CF5BD2086378300478678 /* MedicalConditionInfo.swift */,
				3F5931C9208799CC007A3829 /* SurgicalInfo.swift */,
				3FC0F73A2088F2240007FEBD /* GynecologyInfo.swift */,
			);
			path = PatientInfo;
			sourceTree = "<group>";
		};
		3FDFF8DD203CBC1B008ED2A2 /* Controller */ = {
			isa = PBXGroup;
			children = (
				3F538048203F461B0045A492 /* MainStoryBoard */,
			);
			path = Controller;
			sourceTree = "<group>";
		};
		569BBB4A20993A29008A4A99 /* Frameworks */ = {
			isa = PBXGroup;
			children = (
				3F789BA9209A0E0D00B1B28E /* ResearchKit.xcodeproj */,
				3F789BA6209A0DC900B1B28E /* TestMedKit.xcodeproj */,
				3F789B942099F62F00B1B28E /* ResearchKit.xcodeproj */,
			);
			name = Frameworks;
			sourceTree = "<group>";
		};
/* End PBXGroup section */

/* Begin PBXNativeTarget section */
		3F620E48203754F000655AA4 /* TestMedKit */ = {
			isa = PBXNativeTarget;
			buildConfigurationList = 3F620E5E203754F000655AA4 /* Build configuration list for PBXNativeTarget "TestMedKit" */;
			buildPhases = (
				3F620E45203754F000655AA4 /* Sources */,
				3F620E46203754F000655AA4 /* Frameworks */,
				3F620E47203754F000655AA4 /* Resources */,
				3F789BB8209A0E1800B1B28E /* Embed Frameworks */,
			);
			buildRules = (
			);
			dependencies = (
				3F789BB7209A0E1800B1B28E /* PBXTargetDependency */,
			);
			name = TestMedKit;
			productName = TestMedKit;
			productReference = 3F620E49203754F000655AA4 /* TestMedKit.app */;
			productType = "com.apple.product-type.application";
		};
/* End PBXNativeTarget section */

/* Begin PBXProject section */
		3F620E41203754F000655AA4 /* Project object */ = {
			isa = PBXProject;
			attributes = {
				LastSwiftUpdateCheck = 0920;
				LastUpgradeCheck = 0920;
				ORGANIZATIONNAME = Student;
				TargetAttributes = {
					3F620E48203754F000655AA4 = {
						CreatedOnToolsVersion = 9.2;
						ProvisioningStyle = Automatic;
					};
				};
			};
			buildConfigurationList = 3F620E44203754F000655AA4 /* Build configuration list for PBXProject "TestMedKit" */;
			compatibilityVersion = "Xcode 8.0";
			developmentRegion = en;
			hasScannedForEncodings = 0;
			knownRegions = (
				en,
				Base,
			);
			mainGroup = 3F620E40203754F000655AA4;
			productRefGroup = 3F620E4A203754F000655AA4 /* Products */;
			projectDirPath = "";
			projectReferences = (
				{
					ProductGroup = 3F789BAA209A0E0D00B1B28E /* Products */;
					ProjectRef = 3F789BA9209A0E0D00B1B28E /* ResearchKit.xcodeproj */;
				},
				{
					ProductGroup = 3F789B952099F62F00B1B28E /* Products */;
					ProjectRef = 3F789B942099F62F00B1B28E /* ResearchKit.xcodeproj */;
				},
				{
					ProductGroup = 3F789BA7209A0DC900B1B28E /* Products */;
					ProjectRef = 3F789BA6209A0DC900B1B28E /* TestMedKit.xcodeproj */;
				},
			);
			projectRoot = "";
			targets = (
				3F620E48203754F000655AA4 /* TestMedKit */,
			);
		};
/* End PBXProject section */

/* Begin PBXReferenceProxy section */
		3F789B9B2099F62F00B1B28E /* ResearchKit.framework */ = {
			isa = PBXReferenceProxy;
			fileType = wrapper.framework;
			path = ResearchKit.framework;
			remoteRef = 3F789B9A2099F62F00B1B28E /* PBXContainerItemProxy */;
			sourceTree = BUILT_PRODUCTS_DIR;
		};
		3F789B9D2099F62F00B1B28E /* ResearchKitTests.xctest */ = {
			isa = PBXReferenceProxy;
			fileType = wrapper.cfbundle;
			path = ResearchKitTests.xctest;
			remoteRef = 3F789B9C2099F62F00B1B28E /* PBXContainerItemProxy */;
			sourceTree = BUILT_PRODUCTS_DIR;
		};
		3F789BB0209A0E0E00B1B28E /* ResearchKit.framework */ = {
			isa = PBXReferenceProxy;
			fileType = wrapper.framework;
			path = ResearchKit.framework;
			remoteRef = 3F789BAF209A0E0E00B1B28E /* PBXContainerItemProxy */;
			sourceTree = BUILT_PRODUCTS_DIR;
		};
		3F789BB2209A0E0E00B1B28E /* ResearchKitTests.xctest */ = {
			isa = PBXReferenceProxy;
			fileType = wrapper.cfbundle;
			path = ResearchKitTests.xctest;
			remoteRef = 3F789BB1209A0E0E00B1B28E /* PBXContainerItemProxy */;
			sourceTree = BUILT_PRODUCTS_DIR;
		};
/* End PBXReferenceProxy section */

/* Begin PBXResourcesBuildPhase section */
		3F620E47203754F000655AA4 /* Resources */ = {
			isa = PBXResourcesBuildPhase;
			buildActionMask = 2147483647;
			files = (
				3F620E5A203754F000655AA4 /* LaunchScreen.storyboard in Resources */,
				3F620E57203754F000655AA4 /* Assets.xcassets in Resources */,
				3F620E52203754F000655AA4 /* Main.storyboard in Resources */,
			);
			runOnlyForDeploymentPostprocessing = 0;
		};
/* End PBXResourcesBuildPhase section */

/* Begin PBXSourcesBuildPhase section */
		3F620E45203754F000655AA4 /* Sources */ = {
			isa = PBXSourcesBuildPhase;
			buildActionMask = 2147483647;
			files = (
				3F5795C8207FE57600A2C3E7 /* MedicationInfo.swift in Sources */,
				3F5795C6207FA8A500A2C3E7 /* AllergyTaskResultProcessor.swift in Sources */,
				3FC0F73B2088F2240007FEBD /* GynecologyInfo.swift in Sources */,
				3F55935A207D1A9700A8C9DE /* PersonalTaskResultProcessor.swift in Sources */,
				3F5795CA207FED3600A2C3E7 /* MedicationTaskResultProcessor.swift in Sources */,
				3F627076207E5755004E35AF /* FamilyInfo.swift in Sources */,
				3F719ED2207BCCDE0070A986 /* TaskInfo.swift in Sources */,
				3F5931CA208799CC007A3829 /* SurgicalInfo.swift in Sources */,
				3F627078207E5CB4004E35AF /* FamilyHistoryTaskResultProcessor.swift in Sources */,
				3F568F06206595B2002255A6 /* ORKSurgicalTask.swift in Sources */,
				3F73F6D82073FC1900E75498 /* TobaccoInfo.swift in Sources */,
				3FF9CFFC20936FDB000370FA /* LoginViewController.swift in Sources */,
				3F620E55203754F000655AA4 /* TestMedKit.xcdatamodeld in Sources */,
				3F575CB920766E39005F8D48 /* TobaccoTaskResultProcessor.swift in Sources */,
				3F53804A203F467D0045A492 /* GenderPickerViewController.swift in Sources */,
				3F73F6DC20740A6300E75498 /* ORKTobaccoTask.swift in Sources */,
				3F5BC04F206195CC007FBE0A /* SurgicalTask.swift in Sources */,
				3F95CE1B203E0ADB0096A896 /* BirthdayPickerViewController.swift in Sources */,
				3F5BC04D20615CB5007FBE0A /* MedicalConditionTask.swift in Sources */,
				3F5931D12087B4E8007A3829 /* GynecologicTaskResultProcessor.swift in Sources */,
				3F5795C2207FA24B00A2C3E7 /* AllergyInfo.swift in Sources */,
				3F55CD812045B45600668C7A /* PersonalTask.swift in Sources */,
				3F5161E820596601003C7E19 /* ORKAllergyTask.swift in Sources */,
				3F55632E2062A2550010566C /* GynecologicTask.swift in Sources */,
				3F54C1A9206AD078002316FE /* ORKFamilyHistoryTask.swift in Sources */,
				3F8E73112044A67800D25081 /* Task.swift in Sources */,
				3F58EA8E205AB526002A83D0 /* MedicationTask.swift in Sources */,
				3F9CC1A120976B1D00B5883D /* NavigationViewController.swift in Sources */,
				3F719ECB207BC1D40070A986 /* AlcoholTaskResultProcessor.swift in Sources */,
				3F538043203F2A750045A492 /* Patient.swift in Sources */,
				3F55CD7F2045B33100668C7A /* AlcoholTask.swift in Sources */,
				56C1B69B20996F6F004F54F1 /* WelcomeViewController.swift in Sources */,
				3F5931CE20879FA4007A3829 /* SurgicalTaskResultProcessor.swift in Sources */,
				3F55CD7D2045AA7200668C7A /* TobaccoTask.swift in Sources */,
				3F5CF5BE2086378300478678 /* MedicalConditionInfo.swift in Sources */,
				3F4649B7209B603E00F640FD /* BasicInfoKeys.swift in Sources */,
				3F575CB7207668F4005F8D48 /* TaskResultProcessor.swift in Sources */,
				3F9D09FB2073C46F004E19C8 /* BasicInfo.swift in Sources */,
				3F9CC1A5209775F400B5883D /* BasicInfoEditViewController.swift in Sources */,
				3F7A1E1F2056CA5200310D51 /* FamilyHistoryTask.swift in Sources */,
				3F568F0320658AC9002255A6 /* ORKGynecologyTask.swift in Sources */,
				3F985AE3209CAECE007C290C /* Server+updateField.swift in Sources */,
				3F985AE1209CAC6C007C290C /* TextFieldEditViewController+updateFirstName.swift in Sources */,
				3F985AE5209CBA3A007C290C /* UpdateField.swift in Sources */,
				3FF9CFFE20938762000370FA /* TabBarController.swift in Sources */,
				3F538047203F2EF10045A492 /* TextFieldEditViewController.swift in Sources */,
				3F12D071209BA477008DF849 /* Server+getBasicInfo.swift in Sources */,
				3F55935E207D1BDD00A8C9DE /* PersonalInfo.swift in Sources */,
				3F719ED0207BC4430070A986 /* AlcoholInfo.swift in Sources */,
				3F5CF5C220864CCD00478678 /* MedicalConditionTaskResultProcessor.swift in Sources */,
				3F95CE18203DF9EC0096A896 /* DetaiProfilelTableViewController.swift in Sources */,
				3F620E4D203754F000655AA4 /* AppDelegate.swift in Sources */,
				3F2D5EC1206969FE0074EB2D /* ORKMedicalConditionTask.swift in Sources */,
				3F58EA9D205B094C002A83D0 /* AllergyTask.swift in Sources */,
				3F12D067209B8E7F008DF849 /* Server.swift in Sources */,
				3FDFF8E1203CBC64008ED2A2 /* MyProfileTableViewController.swift in Sources */,
			);
			runOnlyForDeploymentPostprocessing = 0;
		};
/* End PBXSourcesBuildPhase section */

/* Begin PBXTargetDependency section */
		3F789BB7209A0E1800B1B28E /* PBXTargetDependency */ = {
			isa = PBXTargetDependency;
			name = ResearchKit;
			targetProxy = 3F789BB6209A0E1800B1B28E /* PBXContainerItemProxy */;
		};
/* End PBXTargetDependency section */

/* Begin PBXVariantGroup section */
		3F620E50203754F000655AA4 /* Main.storyboard */ = {
			isa = PBXVariantGroup;
			children = (
				3F620E51203754F000655AA4 /* Base */,
			);
			name = Main.storyboard;
			sourceTree = "<group>";
		};
		3F620E58203754F000655AA4 /* LaunchScreen.storyboard */ = {
			isa = PBXVariantGroup;
			children = (
				3F620E59203754F000655AA4 /* Base */,
			);
			name = LaunchScreen.storyboard;
			sourceTree = "<group>";
		};
/* End PBXVariantGroup section */

/* Begin XCBuildConfiguration section */
		3F620E5C203754F000655AA4 /* Debug */ = {
			isa = XCBuildConfiguration;
			buildSettings = {
				ALWAYS_SEARCH_USER_PATHS = NO;
				CLANG_ANALYZER_NONNULL = YES;
				CLANG_ANALYZER_NUMBER_OBJECT_CONVERSION = YES_AGGRESSIVE;
				CLANG_CXX_LANGUAGE_STANDARD = "gnu++14";
				CLANG_CXX_LIBRARY = "libc++";
				CLANG_ENABLE_MODULES = YES;
				CLANG_ENABLE_OBJC_ARC = YES;
				CLANG_WARN_BLOCK_CAPTURE_AUTORELEASING = YES;
				CLANG_WARN_BOOL_CONVERSION = YES;
				CLANG_WARN_COMMA = YES;
				CLANG_WARN_CONSTANT_CONVERSION = YES;
				CLANG_WARN_DIRECT_OBJC_ISA_USAGE = YES_ERROR;
				CLANG_WARN_DOCUMENTATION_COMMENTS = YES;
				CLANG_WARN_EMPTY_BODY = YES;
				CLANG_WARN_ENUM_CONVERSION = YES;
				CLANG_WARN_INFINITE_RECURSION = YES;
				CLANG_WARN_INT_CONVERSION = YES;
				CLANG_WARN_NON_LITERAL_NULL_CONVERSION = YES;
				CLANG_WARN_OBJC_LITERAL_CONVERSION = YES;
				CLANG_WARN_OBJC_ROOT_CLASS = YES_ERROR;
				CLANG_WARN_RANGE_LOOP_ANALYSIS = YES;
				CLANG_WARN_STRICT_PROTOTYPES = YES;
				CLANG_WARN_SUSPICIOUS_MOVE = YES;
				CLANG_WARN_UNGUARDED_AVAILABILITY = YES_AGGRESSIVE;
				CLANG_WARN_UNREACHABLE_CODE = YES;
				CLANG_WARN__DUPLICATE_METHOD_MATCH = YES;
				CODE_SIGN_IDENTITY = "iPhone Developer";
				COPY_PHASE_STRIP = NO;
				DEBUG_INFORMATION_FORMAT = dwarf;
				ENABLE_STRICT_OBJC_MSGSEND = YES;
				ENABLE_TESTABILITY = YES;
				GCC_C_LANGUAGE_STANDARD = gnu11;
				GCC_DYNAMIC_NO_PIC = NO;
				GCC_NO_COMMON_BLOCKS = YES;
				GCC_OPTIMIZATION_LEVEL = 0;
				GCC_PREPROCESSOR_DEFINITIONS = (
					"DEBUG=1",
					"$(inherited)",
				);
				GCC_WARN_64_TO_32_BIT_CONVERSION = YES;
				GCC_WARN_ABOUT_RETURN_TYPE = YES_ERROR;
				GCC_WARN_UNDECLARED_SELECTOR = YES;
				GCC_WARN_UNINITIALIZED_AUTOS = YES_AGGRESSIVE;
				GCC_WARN_UNUSED_FUNCTION = YES;
				GCC_WARN_UNUSED_VARIABLE = YES;
				IPHONEOS_DEPLOYMENT_TARGET = 11.2;
				MTL_ENABLE_DEBUG_INFO = YES;
				ONLY_ACTIVE_ARCH = YES;
				SDKROOT = iphoneos;
				SWIFT_ACTIVE_COMPILATION_CONDITIONS = DEBUG;
				SWIFT_OPTIMIZATION_LEVEL = "-Onone";
			};
			name = Debug;
		};
		3F620E5D203754F000655AA4 /* Release */ = {
			isa = XCBuildConfiguration;
			buildSettings = {
				ALWAYS_SEARCH_USER_PATHS = NO;
				CLANG_ANALYZER_NONNULL = YES;
				CLANG_ANALYZER_NUMBER_OBJECT_CONVERSION = YES_AGGRESSIVE;
				CLANG_CXX_LANGUAGE_STANDARD = "gnu++14";
				CLANG_CXX_LIBRARY = "libc++";
				CLANG_ENABLE_MODULES = YES;
				CLANG_ENABLE_OBJC_ARC = YES;
				CLANG_WARN_BLOCK_CAPTURE_AUTORELEASING = YES;
				CLANG_WARN_BOOL_CONVERSION = YES;
				CLANG_WARN_COMMA = YES;
				CLANG_WARN_CONSTANT_CONVERSION = YES;
				CLANG_WARN_DIRECT_OBJC_ISA_USAGE = YES_ERROR;
				CLANG_WARN_DOCUMENTATION_COMMENTS = YES;
				CLANG_WARN_EMPTY_BODY = YES;
				CLANG_WARN_ENUM_CONVERSION = YES;
				CLANG_WARN_INFINITE_RECURSION = YES;
				CLANG_WARN_INT_CONVERSION = YES;
				CLANG_WARN_NON_LITERAL_NULL_CONVERSION = YES;
				CLANG_WARN_OBJC_LITERAL_CONVERSION = YES;
				CLANG_WARN_OBJC_ROOT_CLASS = YES_ERROR;
				CLANG_WARN_RANGE_LOOP_ANALYSIS = YES;
				CLANG_WARN_STRICT_PROTOTYPES = YES;
				CLANG_WARN_SUSPICIOUS_MOVE = YES;
				CLANG_WARN_UNGUARDED_AVAILABILITY = YES_AGGRESSIVE;
				CLANG_WARN_UNREACHABLE_CODE = YES;
				CLANG_WARN__DUPLICATE_METHOD_MATCH = YES;
				CODE_SIGN_IDENTITY = "iPhone Developer";
				COPY_PHASE_STRIP = NO;
				DEBUG_INFORMATION_FORMAT = "dwarf-with-dsym";
				ENABLE_NS_ASSERTIONS = NO;
				ENABLE_STRICT_OBJC_MSGSEND = YES;
				GCC_C_LANGUAGE_STANDARD = gnu11;
				GCC_NO_COMMON_BLOCKS = YES;
				GCC_WARN_64_TO_32_BIT_CONVERSION = YES;
				GCC_WARN_ABOUT_RETURN_TYPE = YES_ERROR;
				GCC_WARN_UNDECLARED_SELECTOR = YES;
				GCC_WARN_UNINITIALIZED_AUTOS = YES_AGGRESSIVE;
				GCC_WARN_UNUSED_FUNCTION = YES;
				GCC_WARN_UNUSED_VARIABLE = YES;
				IPHONEOS_DEPLOYMENT_TARGET = 11.2;
				MTL_ENABLE_DEBUG_INFO = NO;
				SDKROOT = iphoneos;
				SWIFT_OPTIMIZATION_LEVEL = "-Owholemodule";
				VALIDATE_PRODUCT = YES;
			};
			name = Release;
		};
		3F620E5F203754F000655AA4 /* Debug */ = {
			isa = XCBuildConfiguration;
			buildSettings = {
				ALWAYS_EMBED_SWIFT_STANDARD_LIBRARIES = YES;
				ASSETCATALOG_COMPILER_APPICON_NAME = AppIcon;
				CODE_SIGN_STYLE = Automatic;
				DEVELOPMENT_TEAM = 87U5XJJ2UX;
				INFOPLIST_FILE = TestMedKit/Info.plist;
				IPHONEOS_DEPLOYMENT_TARGET = 11.3;
				LD_RUNPATH_SEARCH_PATHS = "$(inherited) @executable_path/Frameworks";
				PRODUCT_BUNDLE_IDENTIFIER = "ff-20.TestMedKit";
				PRODUCT_NAME = "$(TARGET_NAME)";
				SWIFT_VERSION = 4.0;
				TARGETED_DEVICE_FAMILY = "1,2";
			};
			name = Debug;
		};
		3F620E60203754F000655AA4 /* Release */ = {
			isa = XCBuildConfiguration;
			buildSettings = {
				ALWAYS_EMBED_SWIFT_STANDARD_LIBRARIES = YES;
				ASSETCATALOG_COMPILER_APPICON_NAME = AppIcon;
				CODE_SIGN_STYLE = Automatic;
				DEVELOPMENT_TEAM = 87U5XJJ2UX;
				INFOPLIST_FILE = TestMedKit/Info.plist;
				IPHONEOS_DEPLOYMENT_TARGET = 11.3;
				LD_RUNPATH_SEARCH_PATHS = "$(inherited) @executable_path/Frameworks";
				PRODUCT_BUNDLE_IDENTIFIER = "ff-20.TestMedKit";
				PRODUCT_NAME = "$(TARGET_NAME)";
				SWIFT_VERSION = 4.0;
				TARGETED_DEVICE_FAMILY = "1,2";
			};
			name = Release;
		};
/* End XCBuildConfiguration section */

/* Begin XCConfigurationList section */
		3F620E44203754F000655AA4 /* Build configuration list for PBXProject "TestMedKit" */ = {
			isa = XCConfigurationList;
			buildConfigurations = (
				3F620E5C203754F000655AA4 /* Debug */,
				3F620E5D203754F000655AA4 /* Release */,
			);
			defaultConfigurationIsVisible = 0;
			defaultConfigurationName = Release;
		};
		3F620E5E203754F000655AA4 /* Build configuration list for PBXNativeTarget "TestMedKit" */ = {
			isa = XCConfigurationList;
			buildConfigurations = (
				3F620E5F203754F000655AA4 /* Debug */,
				3F620E60203754F000655AA4 /* Release */,
			);
			defaultConfigurationIsVisible = 0;
			defaultConfigurationName = Release;
		};
/* End XCConfigurationList section */

/* Begin XCVersionGroup section */
		3F620E53203754F000655AA4 /* TestMedKit.xcdatamodeld */ = {
			isa = XCVersionGroup;
			children = (
				3F620E54203754F000655AA4 /* TestMedKit.xcdatamodel */,
			);
			currentVersion = 3F620E54203754F000655AA4 /* TestMedKit.xcdatamodel */;
			path = TestMedKit.xcdatamodeld;
			sourceTree = "<group>";
			versionGroupType = wrapper.xcdatamodel;
		};
/* End XCVersionGroup section */
	};
	rootObject = 3F620E41203754F000655AA4 /* Project object */;
}
